{
  "name": "cni-vpn",
  "version": "0.0.1",
  "lockfileVersion": 1,
  "requires": true,
  "dependencies": {
    "base32.js": {
      "version": "0.0.1",
      "resolved": "https://registry.npmjs.org/base32.js/-/base32.js-0.0.1.tgz",
      "integrity": "sha1-0EVzalex9sE58MffQlGKhOkbsro="
    },
    "dotenv": {
      "version": "8.0.0",
      "resolved": "https://registry.npmjs.org/dotenv/-/dotenv-8.0.0.tgz",
      "integrity": "sha512-30xVGqjLjiUOArT4+M5q9sYdvuR4riM6yK9wMcas9Vbp6zZa+ocC9dp6QoftuhTPhFAiLK/0C5Ni2nou/Bk8lg=="
    },
    "speakeasy": {
      "version": "2.0.0",
      "resolved": "https://registry.npmjs.org/speakeasy/-/speakeasy-2.0.0.tgz",
      "integrity": "sha1-hckaBxsJpcuGQlkNmDVmFl9XYTo=",
      "requires": {
        "base32.js": "0.0.1"
      }
    }
  }
}
